// !$*UTF8*$!
{
	archiveVersion = 1;
	classes = {
	};
	objectVersion = 56;
	objects = {

/* Begin PBXBuildFile section */
		3889FA77294C93F8008819EE /* SecViewController.swift in Sources */ = {isa = PBXBuildFile; fileRef = 3889FA76294C93F8008819EE /* SecViewController.swift */; };
		3889FA79294C9724008819EE /* ParseImageModel.swift in Sources */ = {isa = PBXBuildFile; fileRef = 3889FA78294C9724008819EE /* ParseImageModel.swift */; };
		388CC97A2957380D0017AB15 /* ThreeViewController.swift in Sources */ = {isa = PBXBuildFile; fileRef = 388CC9792957380D0017AB15 /* ThreeViewController.swift */; };
		388CC97C29573A410017AB15 /* ParseNASAPhoto.swift in Sources */ = {isa = PBXBuildFile; fileRef = 388CC97B29573A410017AB15 /* ParseNASAPhoto.swift */; };
		389846A8294889B90092A675 /* AppDelegate.swift in Sources */ = {isa = PBXBuildFile; fileRef = 389846A7294889B90092A675 /* AppDelegate.swift */; };
		389846AA294889B90092A675 /* SceneDelegate.swift in Sources */ = {isa = PBXBuildFile; fileRef = 389846A9294889B90092A675 /* SceneDelegate.swift */; };
		389846AC294889B90092A675 /* ViewController.swift in Sources */ = {isa = PBXBuildFile; fileRef = 389846AB294889B90092A675 /* ViewController.swift */; };
		389846AF294889B90092A675 /* Main.storyboard in Resources */ = {isa = PBXBuildFile; fileRef = 389846AD294889B90092A675 /* Main.storyboard */; };
		389846B1294889BB0092A675 /* Assets.xcassets in Resources */ = {isa = PBXBuildFile; fileRef = 389846B0294889BB0092A675 /* Assets.xcassets */; };
		389846B4294889BB0092A675 /* LaunchScreen.storyboard in Resources */ = {isa = PBXBuildFile; fileRef = 389846B2294889BB0092A675 /* LaunchScreen.storyboard */; };
		389846BC2948A42D0092A675 /* Weather.swift in Sources */ = {isa = PBXBuildFile; fileRef = 389846BB2948A42D0092A675 /* Weather.swift */; };
/* End PBXBuildFile section */

/* Begin PBXFileReference section */
		3889FA76294C93F8008819EE /* SecViewController.swift */ = {isa = PBXFileReference; lastKnownFileType = sourcecode.swift; path = SecViewController.swift; sourceTree = "<group>"; };
		3889FA78294C9724008819EE /* ParseImageModel.swift */ = {isa = PBXFileReference; lastKnownFileType = sourcecode.swift; path = ParseImageModel.swift; sourceTree = "<group>"; };
		388CC9792957380D0017AB15 /* ThreeViewController.swift */ = {isa = PBXFileReference; lastKnownFileType = sourcecode.swift; path = ThreeViewController.swift; sourceTree = "<group>"; };
		388CC97B29573A410017AB15 /* ParseNASAPhoto.swift */ = {isa = PBXFileReference; lastKnownFileType = sourcecode.swift; path = ParseNASAPhoto.swift; sourceTree = "<group>"; };
		389846A4294889B90092A675 /* onlyTestApp.app */ = {isa = PBXFileReference; explicitFileType = wrapper.application; includeInIndex = 0; path = onlyTestApp.app; sourceTree = BUILT_PRODUCTS_DIR; };
		389846A7294889B90092A675 /* AppDelegate.swift */ = {isa = PBXFileReference; lastKnownFileType = sourcecode.swift; path = AppDelegate.swift; sourceTree = "<group>"; };
		389846A9294889B90092A675 /* SceneDelegate.swift */ = {isa = PBXFileReference; lastKnownFileType = sourcecode.swift; path = SceneDelegate.swift; sourceTree = "<group>"; };
		389846AB294889B90092A675 /* ViewController.swift */ = {isa = PBXFileReference; lastKnownFileType = sourcecode.swift; path = ViewController.swift; sourceTree = "<group>"; };
		389846AE294889B90092A675 /* Base */ = {isa = PBXFileReference; lastKnownFileType = file.storyboard; name = Base; path = Base.lproj/Main.storyboard; sourceTree = "<group>"; };
		389846B0294889BB0092A675 /* Assets.xcassets */ = {isa = PBXFileReference; lastKnownFileType = folder.assetcatalog; path = Assets.xcassets; sourceTree = "<group>"; };
		389846B3294889BB0092A675 /* Base */ = {isa = PBXFileReference; lastKnownFileType = file.storyboard; name = Base; path = Base.lproj/LaunchScreen.storyboard; sourceTree = "<group>"; };
		389846B5294889BB0092A675 /* Info.plist */ = {isa = PBXFileReference; lastKnownFileType = text.plist.xml; path = Info.plist; sourceTree = "<group>"; };
		389846BB2948A42D0092A675 /* Weather.swift */ = {isa = PBXFileReference; lastKnownFileType = sourcecode.swift; path = Weather.swift; sourceTree = "<group>"; };
/* End PBXFileReference section */

/* Begin PBXFrameworksBuildPhase section */
		389846A1294889B90092A675 /* Frameworks */ = {
			isa = PBXFrameworksBuildPhase;
			buildActionMask = 2147483647;
			files = (
			);
			runOnlyForDeploymentPostprocessing = 0;
		};
/* End PBXFrameworksBuildPhase section */

/* Begin PBXGroup section */
		3898469B294889B90092A675 = {
			isa = PBXGroup;
			children = (
				389846A6294889B90092A675 /* onlyTestApp */,
				389846A5294889B90092A675 /* Products */,
			);
			sourceTree = "<group>";
		};
		389846A5294889B90092A675 /* Products */ = {
			isa = PBXGroup;
			children = (
				389846A4294889B90092A675 /* onlyTestApp.app */,
			);
			name = Products;
			sourceTree = "<group>";
		};
		389846A6294889B90092A675 /* onlyTestApp */ = {
			isa = PBXGroup;
			children = (
				389846A7294889B90092A675 /* AppDelegate.swift */,
				389846A9294889B90092A675 /* SceneDelegate.swift */,
				389846AB294889B90092A675 /* ViewController.swift */,
				3889FA76294C93F8008819EE /* SecViewController.swift */,
				388CC9792957380D0017AB15 /* ThreeViewController.swift */,
				388CC97B29573A410017AB15 /* ParseNASAPhoto.swift */,
				389846BB2948A42D0092A675 /* Weather.swift */,
				3889FA78294C9724008819EE /* ParseImageModel.swift */,
				389846AD294889B90092A675 /* Main.storyboard */,
				389846B0294889BB0092A675 /* Assets.xcassets */,
				389846B2294889BB0092A675 /* LaunchScreen.storyboard */,
				389846B5294889BB0092A675 /* Info.plist */,
			);
			path = onlyTestApp;
			sourceTree = "<group>";
		};
/* End PBXGroup section */

/* Begin PBXNativeTarget section */
		389846A3294889B90092A675 /* onlyTestApp */ = {
			isa = PBXNativeTarget;
			buildConfigurationList = 389846B8294889BB0092A675 /* Build configuration list for PBXNativeTarget "onlyTestApp" */;
			buildPhases = (
				389846A0294889B90092A675 /* Sources */,
				389846A1294889B90092A675 /* Frameworks */,
				389846A2294889B90092A675 /* Resources */,
			);
			buildRules = (
			);
			dependencies = (
			);
			name = onlyTestApp;
			productName = onlyTestApp;
			productReference = 389846A4294889B90092A675 /* onlyTestApp.app */;
			productType = "com.apple.product-type.application";
		};
/* End PBXNativeTarget section */

/* Begin PBXProject section */
		3898469C294889B90092A675 /* Project object */ = {
			isa = PBXProject;
			attributes = {
				BuildIndependentTargetsInParallel = 1;
				LastSwiftUpdateCheck = 1410;
				LastUpgradeCheck = 1410;
				TargetAttributes = {
					389846A3294889B90092A675 = {
						CreatedOnToolsVersion = 14.1;
					};
				};
			};
			buildConfigurationList = 3898469F294889B90092A675 /* Build configuration list for PBXProject "onlyTestApp" */;
			compatibilityVersion = "Xcode 14.0";
			developmentRegion = en;
			hasScannedForEncodings = 0;
			knownRegions = (
				en,
				Base,
			);
			mainGroup = 3898469B294889B90092A675;
			productRefGroup = 389846A5294889B90092A675 /* Products */;
			projectDirPath = "";
			projectRoot = "";
			targets = (
				389846A3294889B90092A675 /* onlyTestApp */,
			);
		};
/* End PBXProject section */

/* Begin PBXResourcesBuildPhase section */
		389846A2294889B90092A675 /* Resources */ = {
			isa = PBXResourcesBuildPhase;
			buildActionMask = 2147483647;
			files = (
				389846B4294889BB0092A675 /* LaunchScreen.storyboard in Resources */,
				389846B1294889BB0092A675 /* Assets.xcassets in Resources */,
				389846AF294889B90092A675 /* Main.storyboard in Resources */,
			);
			runOnlyForDeploymentPostprocessing = 0;
		};
/* End PBXResourcesBuildPhase section */

/* Begin PBXSourcesBuildPhase section */
		389846A0294889B90092A675 /* Sources */ = {
			isa = PBXSourcesBuildPhase;
			buildActionMask = 2147483647;
			files = (
				388CC97A2957380D0017AB15 /* ThreeViewController.swift in Sources */,
				3889FA77294C93F8008819EE /* SecViewController.swift in Sources */,
				3889FA79294C9724008819EE /* ParseImageModel.swift in Sources */,
				389846BC2948A42D0092A675 /* Weather.swift in Sources */,
				389846AC294889B90092A675 /* ViewController.swift in Sources */,
				389846A8294889B90092A675 /* AppDelegate.swift in Sources */,
				389846AA294889B90092A675 /* SceneDelegate.swift in Sources */,
				388CC97C29573A410017AB15 /* ParseNASAPhoto.swift in Sources */,
			);
			runOnlyForDeploymentPostprocessing = 0;
		};
/* End PBXSourcesBuildPhase section */

/* Begin PBXVariantGroup section */
		389846AD294889B90092A675 /* Main.storyboard */ = {
			isa = PBXVariantGroup;
			children = (
				389846AE294889B90092A675 /* Base */,
			);
			name = Main.storyboard;
			sourceTree = "<group>";
		};
		389846B2294889BB0092A675 /* LaunchScreen.storyboard */ = {
			isa = PBXVariantGroup;
			children = (
				389846B3294889BB0092A675 /* Base */,
			);
			name = LaunchScreen.storyboard;
			sourceTree = "<group>";
		};
/* End PBXVariantGroup section */

/* Begin XCBuildConfiguration section */
		389846B6294889BB0092A675 /* Debug */ = {
			isa = XCBuildConfiguration;
			buildSettings = {
				ALWAYS_SEARCH_USER_PATHS = NO;
				CLANG_ANALYZER_NONNULL = YES;
				CLANG_ANALYZER_NUMBER_OBJECT_CONVERSION = YES_AGGRESSIVE;
				CLANG_CXX_LANGUAGE_STANDARD = "gnu++20";
				CLANG_ENABLE_MODULES = YES;
				CLANG_ENABLE_OBJC_ARC = YES;
				CLANG_ENABLE_OBJC_WEAK = YES;
				CLANG_WARN_BLOCK_CAPTURE_AUTORELEASING = YES;
				CLANG_WARN_BOOL_CONVERSION = YES;
				CLANG_WARN_COMMA = YES;
				CLANG_WARN_CONSTANT_CONVERSION = YES;
				CLANG_WARN_DEPRECATED_OBJC_IMPLEMENTATIONS = YES;
				CLANG_WARN_DIRECT_OBJC_ISA_USAGE = YES_ERROR;
				CLANG_WARN_DOCUMENTATION_COMMENTS = YES;
				CLANG_WARN_EMPTY_BODY = YES;
				CLANG_WARN_ENUM_CONVERSION = YES;
				CLANG_WARN_INFINITE_RECURSION = YES;
				CLANG_WARN_INT_CONVERSION = YES;
				CLANG_WARN_NON_LITERAL_NULL_CONVERSION = YES;
				CLANG_WARN_OBJC_IMPLICIT_RETAIN_SELF = YES;
				CLANG_WARN_OBJC_LITERAL_CONVERSION = YES;
				CLANG_WARN_OBJC_ROOT_CLASS = YES_ERROR;
				CLANG_WARN_QUOTED_INCLUDE_IN_FRAMEWORK_HEADER = YES;
				CLANG_WARN_RANGE_LOOP_ANALYSIS = YES;
				CLANG_WARN_STRICT_PROTOTYPES = YES;
				CLANG_WARN_SUSPICIOUS_MOVE = YES;
				CLANG_WARN_UNGUARDED_AVAILABILITY = YES_AGGRESSIVE;
				CLANG_WARN_UNREACHABLE_CODE = YES;
				CLANG_WARN__DUPLICATE_METHOD_MATCH = YES;
				COPY_PHASE_STRIP = NO;
				DEBUG_INFORMATION_FORMAT = dwarf;
				ENABLE_STRICT_OBJC_MSGSEND = YES;
				ENABLE_TESTABILITY = YES;
				GCC_C_LANGUAGE_STANDARD = gnu11;
				GCC_DYNAMIC_NO_PIC = NO;
				GCC_NO_COMMON_BLOCKS = YES;
				GCC_OPTIMIZATION_LEVEL = 0;
				GCC_PREPROCESSOR_DEFINITIONS = (
					"DEBUG=1",
					"$(inherited)",
				);
				GCC_WARN_64_TO_32_BIT_CONVERSION = YES;
				GCC_WARN_ABOUT_RETURN_TYPE = YES_ERROR;
				GCC_WARN_UNDECLARED_SELECTOR = YES;
				GCC_WARN_UNINITIALIZED_AUTOS = YES_AGGRESSIVE;
				GCC_WARN_UNUSED_FUNCTION = YES;
				GCC_WARN_UNUSED_VARIABLE = YES;
				IPHONEOS_DEPLOYMENT_TARGET = 16.1;
				MTL_ENABLE_DEBUG_INFO = INCLUDE_SOURCE;
				MTL_FAST_MATH = YES;
				ONLY_ACTIVE_ARCH = YES;
				SDKROOT = iphoneos;
				SWIFT_ACTIVE_COMPILATION_CONDITIONS = DEBUG;
				SWIFT_OPTIMIZATION_LEVEL = "-Onone";
			};
			name = Debug;
		};
		389846B7294889BB0092A675 /* Release */ = {
			isa = XCBuildConfiguration;
			buildSettings = {
				ALWAYS_SEARCH_USER_PATHS = NO;
				CLANG_ANALYZER_NONNULL = YES;
				CLANG_ANALYZER_NUMBER_OBJECT_CONVERSION = YES_AGGRESSIVE;
				CLANG_CXX_LANGUAGE_STANDARD = "gnu++20";
				CLANG_ENABLE_MODULES = YES;
				CLANG_ENABLE_OBJC_ARC = YES;
				CLANG_ENABLE_OBJC_WEAK = YES;
				CLANG_WARN_BLOCK_CAPTURE_AUTORELEASING = YES;
				CLANG_WARN_BOOL_CONVERSION = YES;
				CLANG_WARN_COMMA = YES;
				CLANG_WARN_CONSTANT_CONVERSION = YES;
				CLANG_WARN_DEPRECATED_OBJC_IMPLEMENTATIONS = YES;
				CLANG_WARN_DIRECT_OBJC_ISA_USAGE = YES_ERROR;
				CLANG_WARN_DOCUMENTATION_COMMENTS = YES;
				CLANG_WARN_EMPTY_BODY = YES;
				CLANG_WARN_ENUM_CONVERSION = YES;
				CLANG_WARN_INFINITE_RECURSION = YES;
				CLANG_WARN_INT_CONVERSION = YES;
				CLANG_WARN_NON_LITERAL_NULL_CONVERSION = YES;
				CLANG_WARN_OBJC_IMPLICIT_RETAIN_SELF = YES;
				CLANG_WARN_OBJC_LITERAL_CONVERSION = YES;
				CLANG_WARN_OBJC_ROOT_CLASS = YES_ERROR;
				CLANG_WARN_QUOTED_INCLUDE_IN_FRAMEWORK_HEADER = YES;
				CLANG_WARN_RANGE_LOOP_ANALYSIS = YES;
				CLANG_WARN_STRICT_PROTOTYPES = YES;
				CLANG_WARN_SUSPICIOUS_MOVE = YES;
				CLANG_WARN_UNGUARDED_AVAILABILITY = YES_AGGRESSIVE;
				CLANG_WARN_UNREACHABLE_CODE = YES;
				CLANG_WARN__DUPLICATE_METHOD_MATCH = YES;
				COPY_PHASE_STRIP = NO;
				DEBUG_INFORMATION_FORMAT = "dwarf-with-dsym";
				ENABLE_NS_ASSERTIONS = NO;
				ENABLE_STRICT_OBJC_MSGSEND = YES;
				GCC_C_LANGUAGE_STANDARD = gnu11;
				GCC_NO_COMMON_BLOCKS = YES;
				GCC_WARN_64_TO_32_BIT_CONVERSION = YES;
				GCC_WARN_ABOUT_RETURN_TYPE = YES_ERROR;
				GCC_WARN_UNDECLARED_SELECTOR = YES;
				GCC_WARN_UNINITIALIZED_AUTOS = YES_AGGRESSIVE;
				GCC_WARN_UNUSED_FUNCTION = YES;
				GCC_WARN_UNUSED_VARIABLE = YES;
				IPHONEOS_DEPLOYMENT_TARGET = 16.1;
				MTL_ENABLE_DEBUG_INFO = NO;
				MTL_FAST_MATH = YES;
				SDKROOT = iphoneos;
				SWIFT_COMPILATION_MODE = wholemodule;
				SWIFT_OPTIMIZATION_LEVEL = "-O";
				VALIDATE_PRODUCT = YES;
			};
			name = Release;
		};
		389846B9294889BB0092A675 /* Debug */ = {
			isa = XCBuildConfiguration;
			buildSettings = {
				ASSETCATALOG_COMPILER_APPICON_NAME = AppIcon;
				ASSETCATALOG_COMPILER_GLOBAL_ACCENT_COLOR_NAME = AccentColor;
				CODE_SIGN_STYLE = Automatic;
				CURRENT_PROJECT_VERSION = 1;
				DEVELOPMENT_TEAM = 4Z4LB4Y2NL;
				GENERATE_INFOPLIST_FILE = YES;
				INFOPLIST_FILE = onlyTestApp/Info.plist;
				INFOPLIST_KEY_UIApplicationSupportsIndirectInputEvents = YES;
				INFOPLIST_KEY_UILaunchStoryboardName = LaunchScreen;
				INFOPLIST_KEY_UIMainStoryboardFile = Main;
				INFOPLIST_KEY_UISupportedInterfaceOrientations_iPad = "UIInterfaceOrientationPortrait UIInterfaceOrientationPortraitUpsideDown UIInterfaceOrientationLandscapeLeft UIInterfaceOrientationLandscapeRight";
				INFOPLIST_KEY_UISupportedInterfaceOrientations_iPhone = "UIInterfaceOrientationPortrait UIInterfaceOrientationLandscapeLeft UIInterfaceOrientationLandscapeRight";
				LD_RUNPATH_SEARCH_PATHS = (
					"$(inherited)",
					"@executable_path/Frameworks",
				);
				MARKETING_VERSION = 1.0;
				PRODUCT_BUNDLE_IDENTIFIER = NP.onlyTestApp;
				PRODUCT_NAME = "$(TARGET_NAME)";
				SWIFT_EMIT_LOC_STRINGS = YES;
				SWIFT_VERSION = 5.0;
				TARGETED_DEVICE_FAMILY = "1,2";
			};
			name = Debug;
		};
		389846BA294889BB0092A675 /* Release */ = {
			isa = XCBuildConfiguration;
			buildSettings = {
				ASSETCATALOG_COMPILER_APPICON_NAME = AppIcon;
				ASSETCATALOG_COMPILER_GLOBAL_ACCENT_COLOR_NAME = AccentColor;
				CODE_SIGN_STYLE = Automatic;
				CURRENT_PROJECT_VERSION = 1;
				DEVELOPMENT_TEAM = 4Z4LB4Y2NL;
				GENERATE_INFOPLIST_FILE = YES;
				INFOPLIST_FILE = onlyTestApp/Info.plist;
				INFOPLIST_KEY_UIApplicationSupportsIndirectInputEvents = YES;
				INFOPLIST_KEY_UILaunchStoryboardName = LaunchScreen;
				INFOPLIST_KEY_UIMainStoryboardFile = Main;
				INFOPLIST_KEY_UISupportedInterfaceOrientations_iPad = "UIInterfaceOrientationPortrait UIInterfaceOrientationPortraitUpsideDown UIInterfaceOrientationLandscapeLeft UIInterfaceOrientationLandscapeRight";
				INFOPLIST_KEY_UISupportedInterfaceOrientations_iPhone = "UIInterfaceOrientationPortrait UIInterfaceOrientationLandscapeLeft UIInterfaceOrientationLandscapeRight";
				LD_RUNPATH_SEARCH_PATHS = (
					"$(inherited)",
					"@executable_path/Frameworks",
				);
				MARKETING_VERSION = 1.0;
				PRODUCT_BUNDLE_IDENTIFIER = NP.onlyTestApp;
				PRODUCT_NAME = "$(TARGET_NAME)";
				SWIFT_EMIT_LOC_STRINGS = YES;
				SWIFT_VERSION = 5.0;
				TARGETED_DEVICE_FAMILY = "1,2";
			};
			name = Release;
		};
/* End XCBuildConfiguration section */

/* Begin XCConfigurationList section */
		3898469F294889B90092A675 /* Build configuration list for PBXProject "onlyTestApp" */ = {
			isa = XCConfigurationList;
			buildConfigurations = (
				389846B6294889BB0092A675 /* Debug */,
				389846B7294889BB0092A675 /* Release */,
			);
			defaultConfigurationIsVisible = 0;
			defaultConfigurationName = Release;
		};
		389846B8294889BB0092A675 /* Build configuration list for PBXNativeTarget "onlyTestApp" */ = {
			isa = XCConfigurationList;
			buildConfigurations = (
				389846B9294889BB0092A675 /* Debug */,
				389846BA294889BB0092A675 /* Release */,
			);
			defaultConfigurationIsVisible = 0;
			defaultConfigurationName = Release;
		};
/* End XCConfigurationList section */
	};
	rootObject = 3898469C294889B90092A675 /* Project object */;
}
